
Microsoft Visual Studio Solution File, Format Version 12.00
# Visual Studio Version 17
VisualStudioVersion = 17.4.33110.190
MinimumVisualStudioVersion = 10.0.40219.1
Project("{9A19103F-16F7-4668-BE54-9A1E7A4F7556}") = "backend_net7.0", "backend_net7.0\backend_net7.0.csproj", "{C9FF08AA-00CC-4B40-ABB9-BB2CE590923F}"
EndProject
Project("{9A19103F-16F7-4668-BE54-9A1E7A4F7556}") = "Infrastructure", "Infrastructure\Infrastructure.csproj", "{C65BFE73-2836-48DA-AB0E-277C1A59D502}"
EndProject
Project("{9A19103F-16F7-4668-BE54-9A1E7A4F7556}") = "Domain", "Domain\Domain.csproj", "{6C0F79C6-27F2-4C0B-82F1-FD22C31AE747}"
EndProject
Project("{FAE04EC0-301F-11D3-BF4B-00C04F79EFBC}") = "Shared", "Shared\Shared.csproj", "{3B046C36-67F4-487A-BDAB-259730FAD2AA}"
EndProject
Project("{FAE04EC0-301F-11D3-BF4B-00C04F79EFBC}") = "Application", "Application\Application.csproj", "{5A23FEFB-7012-4999-B43A-8E67D2A905E7}"
EndProject
Global
	GlobalSection(SolutionConfigurationPlatforms) = preSolution
		Debug|Any CPU = Debug|Any CPU
		Release|Any CPU = Release|Any CPU
	EndGlobalSection
	GlobalSection(ProjectConfigurationPlatforms) = postSolution
		{C9FF08AA-00CC-4B40-ABB9-BB2CE590923F}.Debug|Any CPU.ActiveCfg = Debug|Any CPU
		{C9FF08AA-00CC-4B40-ABB9-BB2CE590923F}.Debug|Any CPU.Build.0 = Debug|Any CPU
		{C9FF08AA-00CC-4B40-ABB9-BB2CE590923F}.Release|Any CPU.ActiveCfg = Release|Any CPU
		{C9FF08AA-00CC-4B40-ABB9-BB2CE590923F}.Release|Any CPU.Build.0 = Release|Any CPU
		{C65BFE73-2836-48DA-AB0E-277C1A59D502}.Debug|Any CPU.ActiveCfg = Debug|Any CPU
		{C65BFE73-2836-48DA-AB0E-277C1A59D502}.Debug|Any CPU.Build.0 = Debug|Any CPU
		{C65BFE73-2836-48DA-AB0E-277C1A59D502}.Release|Any CPU.ActiveCfg = Release|Any CPU
		{C65BFE73-2836-48DA-AB0E-277C1A59D502}.Release|Any CPU.Build.0 = Release|Any CPU
		{6C0F79C6-27F2-4C0B-82F1-FD22C31AE747}.Debug|Any CPU.ActiveCfg = Debug|Any CPU
		{6C0F79C6-27F2-4C0B-82F1-FD22C31AE747}.Debug|Any CPU.Build.0 = Debug|Any CPU
		{6C0F79C6-27F2-4C0B-82F1-FD22C31AE747}.Release|Any CPU.ActiveCfg = Release|Any CPU
		{6C0F79C6-27F2-4C0B-82F1-FD22C31AE747}.Release|Any CPU.Build.0 = Release|Any CPU
		{3B046C36-67F4-487A-BDAB-259730FAD2AA}.Debug|Any CPU.ActiveCfg = Debug|Any CPU
		{3B046C36-67F4-487A-BDAB-259730FAD2AA}.Debug|Any CPU.Build.0 = Debug|Any CPU
		{3B046C36-67F4-487A-BDAB-259730FAD2AA}.Release|Any CPU.ActiveCfg = Release|Any CPU
		{3B046C36-67F4-487A-BDAB-259730FAD2AA}.Release|Any CPU.Build.0 = Release|Any CPU
		{5A23FEFB-7012-4999-B43A-8E67D2A905E7}.Debug|Any CPU.ActiveCfg = Debug|Any CPU
		{5A23FEFB-7012-4999-B43A-8E67D2A905E7}.Debug|Any CPU.Build.0 = Debug|Any CPU
		{5A23FEFB-7012-4999-B43A-8E67D2A905E7}.Release|Any CPU.ActiveCfg = Release|Any CPU
		{5A23FEFB-7012-4999-B43A-8E67D2A905E7}.Release|Any CPU.Build.0 = Release|Any CPU
	EndGlobalSection
	GlobalSection(SolutionProperties) = preSolution
		HideSolutionNode = FALSE
	EndGlobalSection
	GlobalSection(ExtensibilityGlobals) = postSolution
		SolutionGuid = {A863E8FB-FD18-4F25-BAB4-06C40FAE5DF2}
	EndGlobalSection
EndGlobal
